// !$*UTF8*$!
{
	archiveVersion = 1;
	classes = {
	};
	objectVersion = 77;
	objects = {

/* Begin PBXContainerItemProxy section */
		2C702DB32DCE846900C84870 /* PBXContainerItemProxy */ = {
			isa = PBXContainerItemProxy;
			containerPortal = 2C702D9A2DCE846700C84870 /* Project object */;
			proxyType = 1;
			remoteGlobalIDString = 2C702DA12DCE846800C84870;
			remoteInfo = TVMazeTestApp;
		};
		2C702DBD2DCE846900C84870 /* PBXContainerItemProxy */ = {
			isa = PBXContainerItemProxy;
			containerPortal = 2C702D9A2DCE846700C84870 /* Project object */;
			proxyType = 1;
			remoteGlobalIDString = 2C702DA12DCE846800C84870;
			remoteInfo = TVMazeTestApp;
		};
/* End PBXContainerItemProxy section */

/* Begin PBXFileReference section */
		2C702DA22DCE846800C84870 /* TVMazeTestApp.app */ = {isa = PBXFileReference; explicitFileType = wrapper.application; includeInIndex = 0; path = TVMazeTestApp.app; sourceTree = BUILT_PRODUCTS_DIR; };
		2C702DB22DCE846900C84870 /* TVMazeTestAppTests.xctest */ = {isa = PBXFileReference; explicitFileType = wrapper.cfbundle; includeInIndex = 0; path = TVMazeTestAppTests.xctest; sourceTree = BUILT_PRODUCTS_DIR; };
		2C702DBC2DCE846900C84870 /* TVMazeTestAppUITests.xctest */ = {isa = PBXFileReference; explicitFileType = wrapper.cfbundle; includeInIndex = 0; path = TVMazeTestAppUITests.xctest; sourceTree = BUILT_PRODUCTS_DIR; };
/* End PBXFileReference section */

/* Begin PBXFileSystemSynchronizedRootGroup section */
		2C702DA42DCE846800C84870 /* TVMazeTestApp */ = {
			isa = PBXFileSystemSynchronizedRootGroup;
			path = TVMazeTestApp;
			sourceTree = "<group>";
		};
		2C702DB52DCE846900C84870 /* TVMazeTestAppTests */ = {
			isa = PBXFileSystemSynchronizedRootGroup;
			path = TVMazeTestAppTests;
			sourceTree = "<group>";
		};
		2C702DBF2DCE846900C84870 /* TVMazeTestAppUITests */ = {
			isa = PBXFileSystemSynchronizedRootGroup;
			path = TVMazeTestAppUITests;
			sourceTree = "<group>";
		};
/* End PBXFileSystemSynchronizedRootGroup section */

/* Begin PBXFrameworksBuildPhase section */
		2C702D9F2DCE846800C84870 /* Frameworks */ = {
			isa = PBXFrameworksBuildPhase;
			buildActionMask = 2147483647;
			files = (
			);
			runOnlyForDeploymentPostprocessing = 0;
		};
		2C702DAF2DCE846900C84870 /* Frameworks */ = {
			isa = PBXFrameworksBuildPhase;
			buildActionMask = 2147483647;
			files = (
			);
			runOnlyForDeploymentPostprocessing = 0;
		};
		2C702DB92DCE846900C84870 /* Frameworks */ = {
			isa = PBXFrameworksBuildPhase;
			buildActionMask = 2147483647;
			files = (
			);
			runOnlyForDeploymentPostprocessing = 0;
		};
/* End PBXFrameworksBuildPhase section */

/* Begin PBXGroup section */
		2C702D992DCE846700C84870 = {
			isa = PBXGroup;
			children = (
				2C702DA42DCE846800C84870 /* TVMazeTestApp */,
				2C702DB52DCE846900C84870 /* TVMazeTestAppTests */,
				2C702DBF2DCE846900C84870 /* TVMazeTestAppUITests */,
				2C702DA32DCE846800C84870 /* Products */,
			);
			sourceTree = "<group>";
		};
		2C702DA32DCE846800C84870 /* Products */ = {
			isa = PBXGroup;
			children = (
				2C702DA22DCE846800C84870 /* TVMazeTestApp.app */,
				2C702DB22DCE846900C84870 /* TVMazeTestAppTests.xctest */,
				2C702DBC2DCE846900C84870 /* TVMazeTestAppUITests.xctest */,
			);
			name = Products;
			sourceTree = "<group>";
		};
/* End PBXGroup section */

/* Begin PBXNativeTarget section */
		2C702DA12DCE846800C84870 /* TVMazeTestApp */ = {
			isa = PBXNativeTarget;
			buildConfigurationList = 2C702DC62DCE846900C84870 /* Build configuration list for PBXNativeTarget "TVMazeTestApp" */;
			buildPhases = (
				2C702D9E2DCE846800C84870 /* Sources */,
				2C702D9F2DCE846800C84870 /* Frameworks */,
				2C702DA02DCE846800C84870 /* Resources */,
			);
			buildRules = (
			);
			dependencies = (
			);
			fileSystemSynchronizedGroups = (
				2C702DA42DCE846800C84870 /* TVMazeTestApp */,
			);
			name = TVMazeTestApp;
			packageProductDependencies = (
			);
			productName = TVMazeTestApp;
			productReference = 2C702DA22DCE846800C84870 /* TVMazeTestApp.app */;
			productType = "com.apple.product-type.application";
		};
		2C702DB12DCE846900C84870 /* TVMazeTestAppTests */ = {
			isa = PBXNativeTarget;
			buildConfigurationList = 2C702DC92DCE846900C84870 /* Build configuration list for PBXNativeTarget "TVMazeTestAppTests" */;
			buildPhases = (
				2C702DAE2DCE846900C84870 /* Sources */,
				2C702DAF2DCE846900C84870 /* Frameworks */,
				2C702DB02DCE846900C84870 /* Resources */,
			);
			buildRules = (
			);
			dependencies = (
				2C702DB42DCE846900C84870 /* PBXTargetDependency */,
			);
			fileSystemSynchronizedGroups = (
				2C702DB52DCE846900C84870 /* TVMazeTestAppTests */,
			);
			name = TVMazeTestAppTests;
			packageProductDependencies = (
			);
			productName = TVMazeTestAppTests;
			productReference = 2C702DB22DCE846900C84870 /* TVMazeTestAppTests.xctest */;
			productType = "com.apple.product-type.bundle.unit-test";
		};
		2C702DBB2DCE846900C84870 /* TVMazeTestAppUITests */ = {
			isa = PBXNativeTarget;
			buildConfigurationList = 2C702DCC2DCE846900C84870 /* Build configuration list for PBXNativeTarget "TVMazeTestAppUITests" */;
			buildPhases = (
				2C702DB82DCE846900C84870 /* Sources */,
				2C702DB92DCE846900C84870 /* Frameworks */,
				2C702DBA2DCE846900C84870 /* Resources */,
			);
			buildRules = (
			);
			dependencies = (
				2C702DBE2DCE846900C84870 /* PBXTargetDependency */,
			);
			fileSystemSynchronizedGroups = (
				2C702DBF2DCE846900C84870 /* TVMazeTestAppUITests */,
			);
			name = TVMazeTestAppUITests;
			packageProductDependencies = (
			);
			productName = TVMazeTestAppUITests;
			productReference = 2C702DBC2DCE846900C84870 /* TVMazeTestAppUITests.xctest */;
			productType = "com.apple.product-type.bundle.ui-testing";
		};
/* End PBXNativeTarget section */

/* Begin PBXProject section */
		2C702D9A2DCE846700C84870 /* Project object */ = {
			isa = PBXProject;
			attributes = {
				BuildIndependentTargetsInParallel = 1;
				LastSwiftUpdateCheck = 1610;
				LastUpgradeCheck = 1610;
				TargetAttributes = {
					2C702DA12DCE846800C84870 = {
						CreatedOnToolsVersion = 16.1;
					};
					2C702DB12DCE846900C84870 = {
						CreatedOnToolsVersion = 16.1;
						TestTargetID = 2C702DA12DCE846800C84870;
					};
					2C702DBB2DCE846900C84870 = {
						CreatedOnToolsVersion = 16.1;
						TestTargetID = 2C702DA12DCE846800C84870;
					};
				};
			};
			buildConfigurationList = 2C702D9D2DCE846700C84870 /* Build configuration list for PBXProject "TVMazeTestApp" */;
			developmentRegion = en;
			hasScannedForEncodings = 0;
			knownRegions = (
				en,
				Base,
			);
			mainGroup = 2C702D992DCE846700C84870;
			minimizedProjectReferenceProxies = 1;
			preferredProjectObjectVersion = 77;
			productRefGroup = 2C702DA32DCE846800C84870 /* Products */;
			projectDirPath = "";
			projectRoot = "";
			targets = (
				2C702DA12DCE846800C84870 /* TVMazeTestApp */,
				2C702DB12DCE846900C84870 /* TVMazeTestAppTests */,
				2C702DBB2DCE846900C84870 /* TVMazeTestAppUITests */,
			);
		};
/* End PBXProject section */

/* Begin PBXResourcesBuildPhase section */
		2C702DA02DCE846800C84870 /* Resources */ = {
			isa = PBXResourcesBuildPhase;
			buildActionMask = 2147483647;
			files = (
			);
			runOnlyForDeploymentPostprocessing = 0;
		};
		2C702DB02DCE846900C84870 /* Resources */ = {
			isa = PBXResourcesBuildPhase;
			buildActionMask = 2147483647;
			files = (
			);
			runOnlyForDeploymentPostprocessing = 0;
		};
		2C702DBA2DCE846900C84870 /* Resources */ = {
			isa = PBXResourcesBuildPhase;
			buildActionMask = 2147483647;
			files = (
			);
			runOnlyForDeploymentPostprocessing = 0;
		};
/* End PBXResourcesBuildPhase section */

/* Begin PBXSourcesBuildPhase section */
		2C702D9E2DCE846800C84870 /* Sources */ = {
			isa = PBXSourcesBuildPhase;
			buildActionMask = 2147483647;
			files = (
			);
			runOnlyForDeploymentPostprocessing = 0;
		};
		2C702DAE2DCE846900C84870 /* Sources */ = {
			isa = PBXSourcesBuildPhase;
			buildActionMask = 2147483647;
			files = (
			);
			runOnlyForDeploymentPostprocessing = 0;
		};
		2C702DB82DCE846900C84870 /* Sources */ = {
			isa = PBXSourcesBuildPhase;
			buildActionMask = 2147483647;
			files = (
			);
			runOnlyForDeploymentPostprocessing = 0;
		};
/* End PBXSourcesBuildPhase section */

/* Begin PBXTargetDependency section */
		2C702DB42DCE846900C84870 /* PBXTargetDependency */ = {
			isa = PBXTargetDependency;
			target = 2C702DA12DCE846800C84870 /* TVMazeTestApp */;
			targetProxy = 2C702DB32DCE846900C84870 /* PBXContainerItemProxy */;
		};
		2C702DBE2DCE846900C84870 /* PBXTargetDependency */ = {
			isa = PBXTargetDependency;
			target = 2C702DA12DCE846800C84870 /* TVMazeTestApp */;
			targetProxy = 2C702DBD2DCE846900C84870 /* PBXContainerItemProxy */;
		};
/* End PBXTargetDependency section */

/* Begin XCBuildConfiguration section */
		2C702DC42DCE846900C84870 /* Debug */ = {
			isa = XCBuildConfiguration;
			buildSettings = {
				ALWAYS_SEARCH_USER_PATHS = NO;
				ASSETCATALOG_COMPILER_GENERATE_SWIFT_ASSET_SYMBOL_EXTENSIONS = YES;
				CLANG_ANALYZER_NONNULL = YES;
				CLANG_ANALYZER_NUMBER_OBJECT_CONVERSION = YES_AGGRESSIVE;
				CLANG_CXX_LANGUAGE_STANDARD = "gnu++20";
				CLANG_ENABLE_MODULES = YES;
				CLANG_ENABLE_OBJC_ARC = YES;
				CLANG_ENABLE_OBJC_WEAK = YES;
				CLANG_WARN_BLOCK_CAPTURE_AUTORELEASING = YES;
				CLANG_WARN_BOOL_CONVERSION = YES;
				CLANG_WARN_COMMA = YES;
				CLANG_WARN_CONSTANT_CONVERSION = YES;
				CLANG_WARN_DEPRECATED_OBJC_IMPLEMENTATIONS = YES;
				CLANG_WARN_DIRECT_OBJC_ISA_USAGE = YES_ERROR;
				CLANG_WARN_DOCUMENTATION_COMMENTS = YES;
				CLANG_WARN_EMPTY_BODY = YES;
				CLANG_WARN_ENUM_CONVERSION = YES;
				CLANG_WARN_INFINITE_RECURSION = YES;
				CLANG_WARN_INT_CONVERSION = YES;
				CLANG_WARN_NON_LITERAL_NULL_CONVERSION = YES;
				CLANG_WARN_OBJC_IMPLICIT_RETAIN_SELF = YES;
				CLANG_WARN_OBJC_LITERAL_CONVERSION = YES;
				CLANG_WARN_OBJC_ROOT_CLASS = YES_ERROR;
				CLANG_WARN_QUOTED_INCLUDE_IN_FRAMEWORK_HEADER = YES;
				CLANG_WARN_RANGE_LOOP_ANALYSIS = YES;
				CLANG_WARN_STRICT_PROTOTYPES = YES;
				CLANG_WARN_SUSPICIOUS_MOVE = YES;
				CLANG_WARN_UNGUARDED_AVAILABILITY = YES_AGGRESSIVE;
				CLANG_WARN_UNREACHABLE_CODE = YES;
				CLANG_WARN__DUPLICATE_METHOD_MATCH = YES;
				COPY_PHASE_STRIP = NO;
				DEBUG_INFORMATION_FORMAT = dwarf;
				ENABLE_STRICT_OBJC_MSGSEND = YES;
				ENABLE_TESTABILITY = YES;
				ENABLE_USER_SCRIPT_SANDBOXING = YES;
				GCC_C_LANGUAGE_STANDARD = gnu17;
				GCC_DYNAMIC_NO_PIC = NO;
				GCC_NO_COMMON_BLOCKS = YES;
				GCC_OPTIMIZATION_LEVEL = 0;
				GCC_PREPROCESSOR_DEFINITIONS = (
					"DEBUG=1",
					"$(inherited)",
				);
				GCC_WARN_64_TO_32_BIT_CONVERSION = YES;
				GCC_WARN_ABOUT_RETURN_TYPE = YES_ERROR;
				GCC_WARN_UNDECLARED_SELECTOR = YES;
				GCC_WARN_UNINITIALIZED_AUTOS = YES_AGGRESSIVE;
				GCC_WARN_UNUSED_FUNCTION = YES;
				GCC_WARN_UNUSED_VARIABLE = YES;
				IPHONEOS_DEPLOYMENT_TARGET = 18.1;
				LOCALIZATION_PREFERS_STRING_CATALOGS = YES;
				MTL_ENABLE_DEBUG_INFO = INCLUDE_SOURCE;
				MTL_FAST_MATH = YES;
				ONLY_ACTIVE_ARCH = YES;
				SDKROOT = iphoneos;
				SWIFT_ACTIVE_COMPILATION_CONDITIONS = "DEBUG $(inherited)";
				SWIFT_OPTIMIZATION_LEVEL = "-Onone";
			};
			name = Debug;
		};
		2C702DC52DCE846900C84870 /* Release */ = {
			isa = XCBuildConfiguration;
			buildSettings = {
				ALWAYS_SEARCH_USER_PATHS = NO;
				ASSETCATALOG_COMPILER_GENERATE_SWIFT_ASSET_SYMBOL_EXTENSIONS = YES;
				CLANG_ANALYZER_NONNULL = YES;
				CLANG_ANALYZER_NUMBER_OBJECT_CONVERSION = YES_AGGRESSIVE;
				CLANG_CXX_LANGUAGE_STANDARD = "gnu++20";
				CLANG_ENABLE_MODULES = YES;
				CLANG_ENABLE_OBJC_ARC = YES;
				CLANG_ENABLE_OBJC_WEAK = YES;
				CLANG_WARN_BLOCK_CAPTURE_AUTORELEASING = YES;
				CLANG_WARN_BOOL_CONVERSION = YES;
				CLANG_WARN_COMMA = YES;
				CLANG_WARN_CONSTANT_CONVERSION = YES;
				CLANG_WARN_DEPRECATED_OBJC_IMPLEMENTATIONS = YES;
				CLANG_WARN_DIRECT_OBJC_ISA_USAGE = YES_ERROR;
				CLANG_WARN_DOCUMENTATION_COMMENTS = YES;
				CLANG_WARN_EMPTY_BODY = YES;
				CLANG_WARN_ENUM_CONVERSION = YES;
				CLANG_WARN_INFINITE_RECURSION = YES;
				CLANG_WARN_INT_CONVERSION = YES;
				CLANG_WARN_NON_LITERAL_NULL_CONVERSION = YES;
				CLANG_WARN_OBJC_IMPLICIT_RETAIN_SELF = YES;
				CLANG_WARN_OBJC_LITERAL_CONVERSION = YES;
				CLANG_WARN_OBJC_ROOT_CLASS = YES_ERROR;
				CLANG_WARN_QUOTED_INCLUDE_IN_FRAMEWORK_HEADER = YES;
				CLANG_WARN_RANGE_LOOP_ANALYSIS = YES;
				CLANG_WARN_STRICT_PROTOTYPES = YES;
				CLANG_WARN_SUSPICIOUS_MOVE = YES;
				CLANG_WARN_UNGUARDED_AVAILABILITY = YES_AGGRESSIVE;
				CLANG_WARN_UNREACHABLE_CODE = YES;
				CLANG_WARN__DUPLICATE_METHOD_MATCH = YES;
				COPY_PHASE_STRIP = NO;
				DEBUG_INFORMATION_FORMAT = "dwarf-with-dsym";
				ENABLE_NS_ASSERTIONS = NO;
				ENABLE_STRICT_OBJC_MSGSEND = YES;
				ENABLE_USER_SCRIPT_SANDBOXING = YES;
				GCC_C_LANGUAGE_STANDARD = gnu17;
				GCC_NO_COMMON_BLOCKS = YES;
				GCC_WARN_64_TO_32_BIT_CONVERSION = YES;
				GCC_WARN_ABOUT_RETURN_TYPE = YES_ERROR;
				GCC_WARN_UNDECLARED_SELECTOR = YES;
				GCC_WARN_UNINITIALIZED_AUTOS = YES_AGGRESSIVE;
				GCC_WARN_UNUSED_FUNCTION = YES;
				GCC_WARN_UNUSED_VARIABLE = YES;
				IPHONEOS_DEPLOYMENT_TARGET = 18.1;
				LOCALIZATION_PREFERS_STRING_CATALOGS = YES;
				MTL_ENABLE_DEBUG_INFO = NO;
				MTL_FAST_MATH = YES;
				SDKROOT = iphoneos;
				SWIFT_COMPILATION_MODE = wholemodule;
				VALIDATE_PRODUCT = YES;
			};
			name = Release;
		};
		2C702DC72DCE846900C84870 /* Debug */ = {
			isa = XCBuildConfiguration;
			buildSettings = {
				ASSETCATALOG_COMPILER_APPICON_NAME = AppIcon;
				ASSETCATALOG_COMPILER_GLOBAL_ACCENT_COLOR_NAME = AccentColor;
				CODE_SIGN_STYLE = Automatic;
				CURRENT_PROJECT_VERSION = 1;
				DEVELOPMENT_ASSET_PATHS = "\"TVMazeTestApp/Preview Content\"";
				ENABLE_PREVIEWS = YES;
				GENERATE_INFOPLIST_FILE = YES;
				INFOPLIST_KEY_UIApplicationSceneManifest_Generation = YES;
				INFOPLIST_KEY_UIApplicationSupportsIndirectInputEvents = YES;
				INFOPLIST_KEY_UILaunchScreen_Generation = YES;
				INFOPLIST_KEY_UISupportedInterfaceOrientations_iPad = "UIInterfaceOrientationPortrait UIInterfaceOrientationPortraitUpsideDown UIInterfaceOrientationLandscapeLeft UIInterfaceOrientationLandscapeRight";
				INFOPLIST_KEY_UISupportedInterfaceOrientations_iPhone = "UIInterfaceOrientationPortrait UIInterfaceOrientationLandscapeLeft UIInterfaceOrientationLandscapeRight";
				LD_RUNPATH_SEARCH_PATHS = (
					"$(inherited)",
					"@executable_path/Frameworks",
				);
				MARKETING_VERSION = 1.0;
				PRODUCT_BUNDLE_IDENTIFIER = Gerace.TVMazeTestApp;
				PRODUCT_NAME = "$(TARGET_NAME)";
				SWIFT_EMIT_LOC_STRINGS = YES;
				SWIFT_VERSION = 5.0;
				TARGETED_DEVICE_FAMILY = "1,2";
			};
			name = Debug;
		};
		2C702DC82DCE846900C84870 /* Release */ = {
			isa = XCBuildConfiguration;
			buildSettings = {
				ASSETCATALOG_COMPILER_APPICON_NAME = AppIcon;
				ASSETCATALOG_COMPILER_GLOBAL_ACCENT_COLOR_NAME = AccentColor;
				CODE_SIGN_STYLE = Automatic;
				CURRENT_PROJECT_VERSION = 1;
				DEVELOPMENT_ASSET_PATHS = "\"TVMazeTestApp/Preview Content\"";
				ENABLE_PREVIEWS = YES;
				GENERATE_INFOPLIST_FILE = YES;
				INFOPLIST_KEY_UIApplicationSceneManifest_Generation = YES;
				INFOPLIST_KEY_UIApplicationSupportsIndirectInputEvents = YES;
				INFOPLIST_KEY_UILaunchScreen_Generation = YES;
				INFOPLIST_KEY_UISupportedInterfaceOrientations_iPad = "UIInterfaceOrientationPortrait UIInterfaceOrientationPortraitUpsideDown UIInterfaceOrientationLandscapeLeft UIInterfaceOrientationLandscapeRight";
				INFOPLIST_KEY_UISupportedInterfaceOrientations_iPhone = "UIInterfaceOrientationPortrait UIInterfaceOrientationLandscapeLeft UIInterfaceOrientationLandscapeRight";
				LD_RUNPATH_SEARCH_PATHS = (
					"$(inherited)",
					"@executable_path/Frameworks",
				);
				MARKETING_VERSION = 1.0;
				PRODUCT_BUNDLE_IDENTIFIER = Gerace.TVMazeTestApp;
				PRODUCT_NAME = "$(TARGET_NAME)";
				SWIFT_EMIT_LOC_STRINGS = YES;
				SWIFT_VERSION = 5.0;
				TARGETED_DEVICE_FAMILY = "1,2";
			};
			name = Release;
		};
		2C702DCA2DCE846900C84870 /* Debug */ = {
			isa = XCBuildConfiguration;
			buildSettings = {
				BUNDLE_LOADER = "$(TEST_HOST)";
				CODE_SIGN_STYLE = Automatic;
				CURRENT_PROJECT_VERSION = 1;
				GENERATE_INFOPLIST_FILE = YES;
				IPHONEOS_DEPLOYMENT_TARGET = 18.1;
				MARKETING_VERSION = 1.0;
				PRODUCT_BUNDLE_IDENTIFIER = Gerace.TVMazeTestAppTests;
				PRODUCT_NAME = "$(TARGET_NAME)";
				SWIFT_EMIT_LOC_STRINGS = NO;
				SWIFT_VERSION = 5.0;
				TARGETED_DEVICE_FAMILY = "1,2";
				TEST_HOST = "$(BUILT_PRODUCTS_DIR)/TVMazeTestApp.app/$(BUNDLE_EXECUTABLE_FOLDER_PATH)/TVMazeTestApp";
			};
			name = Debug;
		};
		2C702DCB2DCE846900C84870 /* Release */ = {
			isa = XCBuildConfiguration;
			buildSettings = {
				BUNDLE_LOADER = "$(TEST_HOST)";
				CODE_SIGN_STYLE = Automatic;
				CURRENT_PROJECT_VERSION = 1;
				GENERATE_INFOPLIST_FILE = YES;
				IPHONEOS_DEPLOYMENT_TARGET = 18.1;
				MARKETING_VERSION = 1.0;
				PRODUCT_BUNDLE_IDENTIFIER = Gerace.TVMazeTestAppTests;
				PRODUCT_NAME = "$(TARGET_NAME)";
				SWIFT_EMIT_LOC_STRINGS = NO;
				SWIFT_VERSION = 5.0;
				TARGETED_DEVICE_FAMILY = "1,2";
				TEST_HOST = "$(BUILT_PRODUCTS_DIR)/TVMazeTestApp.app/$(BUNDLE_EXECUTABLE_FOLDER_PATH)/TVMazeTestApp";
			};
			name = Release;
		};
		2C702DCD2DCE846900C84870 /* Debug */ = {
			isa = XCBuildConfiguration;
			buildSettings = {
				CODE_SIGN_STYLE = Automatic;
				CURRENT_PROJECT_VERSION = 1;
				GENERATE_INFOPLIST_FILE = YES;
				MARKETING_VERSION = 1.0;
				PRODUCT_BUNDLE_IDENTIFIER = Gerace.TVMazeTestAppUITests;
				PRODUCT_NAME = "$(TARGET_NAME)";
				SWIFT_EMIT_LOC_STRINGS = NO;
				SWIFT_VERSION = 5.0;
				TARGETED_DEVICE_FAMILY = "1,2";
				TEST_TARGET_NAME = TVMazeTestApp;
			};
			name = Debug;
		};
		2C702DCE2DCE846900C84870 /* Release */ = {
			isa = XCBuildConfiguration;
			buildSettings = {
				CODE_SIGN_STYLE = Automatic;
				CURRENT_PROJECT_VERSION = 1;
				GENERATE_INFOPLIST_FILE = YES;
				MARKETING_VERSION = 1.0;
				PRODUCT_BUNDLE_IDENTIFIER = Gerace.TVMazeTestAppUITests;
				PRODUCT_NAME = "$(TARGET_NAME)";
				SWIFT_EMIT_LOC_STRINGS = NO;
				SWIFT_VERSION = 5.0;
				TARGETED_DEVICE_FAMILY = "1,2";
				TEST_TARGET_NAME = TVMazeTestApp;
			};
			name = Release;
		};
/* End XCBuildConfiguration section */

/* Begin XCConfigurationList section */
		2C702D9D2DCE846700C84870 /* Build configuration list for PBXProject "TVMazeTestApp" */ = {
			isa = XCConfigurationList;
			buildConfigurations = (
				2C702DC42DCE846900C84870 /* Debug */,
				2C702DC52DCE846900C84870 /* Release */,
			);
			defaultConfigurationIsVisible = 0;
			defaultConfigurationName = Release;
		};
		2C702DC62DCE846900C84870 /* Build configuration list for PBXNativeTarget "TVMazeTestApp" */ = {
			isa = XCConfigurationList;
			buildConfigurations = (
				2C702DC72DCE846900C84870 /* Debug */,
				2C702DC82DCE846900C84870 /* Release */,
			);
			defaultConfigurationIsVisible = 0;
			defaultConfigurationName = Release;
		};
		2C702DC92DCE846900C84870 /* Build configuration list for PBXNativeTarget "TVMazeTestAppTests" */ = {
			isa = XCConfigurationList;
			buildConfigurations = (
				2C702DCA2DCE846900C84870 /* Debug */,
				2C702DCB2DCE846900C84870 /* Release */,
			);
			defaultConfigurationIsVisible = 0;
			defaultConfigurationName = Release;
		};
		2C702DCC2DCE846900C84870 /* Build configuration list for PBXNativeTarget "TVMazeTestAppUITests" */ = {
			isa = XCConfigurationList;
			buildConfigurations = (
				2C702DCD2DCE846900C84870 /* Debug */,
				2C702DCE2DCE846900C84870 /* Release */,
			);
			defaultConfigurationIsVisible = 0;
			defaultConfigurationName = Release;
		};
/* End XCConfigurationList section */
	};
	rootObject = 2C702D9A2DCE846700C84870 /* Project object */;
}
